// !$*UTF8*$!
{
	archiveVersion = 1;
	classes = {
	};
	objectVersion = 51;
	objects = {

/* Begin PBXBuildFile section */
		02F799F82DDC0705D5F22BEC /* Pods_Base_Application.framework in Frameworks */ = {isa = PBXBuildFile; fileRef = 41B0271D7AA29AAD97F476B1 /* Pods_Base_Application.framework */; };
		CE2A6E5E25DCB96C00203C4A /* AppDelegate.swift in Sources */ = {isa = PBXBuildFile; fileRef = CE2A6E5D25DCB96C00203C4A /* AppDelegate.swift */; };
		CE2A6E6225DCB96C00203C4A /* MainViewController.swift in Sources */ = {isa = PBXBuildFile; fileRef = CE2A6E6125DCB96C00203C4A /* MainViewController.swift */; };
		CE2A6E6525DCB96C00203C4A /* Main.storyboard in Resources */ = {isa = PBXBuildFile; fileRef = CE2A6E6325DCB96C00203C4A /* Main.storyboard */; };
		CE2A6E6725DCB96E00203C4A /* Assets.xcassets in Resources */ = {isa = PBXBuildFile; fileRef = CE2A6E6625DCB96E00203C4A /* Assets.xcassets */; };
		CE2A6E6A25DCB96E00203C4A /* LaunchScreen.storyboard in Resources */ = {isa = PBXBuildFile; fileRef = CE2A6E6825DCB96E00203C4A /* LaunchScreen.storyboard */; };
		CE2A6E7A25DCCE6800203C4A /* Localizable.strings in Resources */ = {isa = PBXBuildFile; fileRef = CE2A6E7C25DCCE6800203C4A /* Localizable.strings */; };
		CE2A6E8025DCD49300203C4A /* String+extention.swift in Sources */ = {isa = PBXBuildFile; fileRef = CE2A6E7F25DCD49300203C4A /* String+extention.swift */; };
		CE2A6E8325DE060300203C4A /* NetworkManager.swift in Sources */ = {isa = PBXBuildFile; fileRef = CE2A6E8225DE060300203C4A /* NetworkManager.swift */; };
		CE2A6E8525DE061500203C4A /* Api.swift in Sources */ = {isa = PBXBuildFile; fileRef = CE2A6E8425DE061500203C4A /* Api.swift */; };
		CE2A6E8925DE086C00203C4A /* Utility.swift in Sources */ = {isa = PBXBuildFile; fileRef = CE2A6E8825DE086C00203C4A /* Utility.swift */; };
		CE43D58326B3893C0033E253 /* ShortcutIntent.intentdefinition in Sources */ = {isa = PBXBuildFile; fileRef = CE43D58226B3893C0033E253 /* ShortcutIntent.intentdefinition */; };
/* End PBXBuildFile section */

/* Begin PBXFileReference section */
		41B0271D7AA29AAD97F476B1 /* Pods_Base_Application.framework */ = {isa = PBXFileReference; explicitFileType = wrapper.framework; includeInIndex = 0; path = Pods_Base_Application.framework; sourceTree = BUILT_PRODUCTS_DIR; };
		7D0E4C1F533EAF6DCBDAADC2 /* Pods-Base Application.debug.xcconfig */ = {isa = PBXFileReference; includeInIndex = 1; lastKnownFileType = text.xcconfig; name = "Pods-Base Application.debug.xcconfig"; path = "Target Support Files/Pods-Base Application/Pods-Base Application.debug.xcconfig"; sourceTree = "<group>"; };
		B73142174766185D11118EC2 /* Pods-Base Application.release.xcconfig */ = {isa = PBXFileReference; includeInIndex = 1; lastKnownFileType = text.xcconfig; name = "Pods-Base Application.release.xcconfig"; path = "Target Support Files/Pods-Base Application/Pods-Base Application.release.xcconfig"; sourceTree = "<group>"; };
		CE2A6E5A25DCB96C00203C4A /* Base Application.app */ = {isa = PBXFileReference; explicitFileType = wrapper.application; includeInIndex = 0; path = "Base Application.app"; sourceTree = BUILT_PRODUCTS_DIR; };
		CE2A6E5D25DCB96C00203C4A /* AppDelegate.swift */ = {isa = PBXFileReference; lastKnownFileType = sourcecode.swift; path = AppDelegate.swift; sourceTree = "<group>"; };
		CE2A6E6125DCB96C00203C4A /* MainViewController.swift */ = {isa = PBXFileReference; lastKnownFileType = sourcecode.swift; path = MainViewController.swift; sourceTree = "<group>"; };
		CE2A6E6425DCB96C00203C4A /* Base */ = {isa = PBXFileReference; lastKnownFileType = file.storyboard; name = Base; path = Base.lproj/Main.storyboard; sourceTree = "<group>"; };
		CE2A6E6625DCB96E00203C4A /* Assets.xcassets */ = {isa = PBXFileReference; lastKnownFileType = folder.assetcatalog; path = Assets.xcassets; sourceTree = "<group>"; };
		CE2A6E6925DCB96E00203C4A /* Base */ = {isa = PBXFileReference; lastKnownFileType = file.storyboard; name = Base; path = Base.lproj/LaunchScreen.storyboard; sourceTree = "<group>"; };
		CE2A6E6B25DCB96E00203C4A /* Info.plist */ = {isa = PBXFileReference; lastKnownFileType = text.plist.xml; path = Info.plist; sourceTree = "<group>"; };
		CE2A6E7B25DCCE6800203C4A /* en */ = {isa = PBXFileReference; lastKnownFileType = text.plist.strings; name = en; path = en.lproj/Localizable.strings; sourceTree = "<group>"; };
		CE2A6E7D25DCCEEA00203C4A /* fr */ = {isa = PBXFileReference; lastKnownFileType = text.plist.strings; name = fr; path = fr.lproj/Localizable.strings; sourceTree = "<group>"; };
		CE2A6E7F25DCD49300203C4A /* String+extention.swift */ = {isa = PBXFileReference; lastKnownFileType = sourcecode.swift; path = "String+extention.swift"; sourceTree = "<group>"; };
		CE2A6E8225DE060300203C4A /* NetworkManager.swift */ = {isa = PBXFileReference; lastKnownFileType = sourcecode.swift; path = NetworkManager.swift; sourceTree = "<group>"; };
		CE2A6E8425DE061500203C4A /* Api.swift */ = {isa = PBXFileReference; lastKnownFileType = sourcecode.swift; path = Api.swift; sourceTree = "<group>"; };
		CE2A6E8825DE086C00203C4A /* Utility.swift */ = {isa = PBXFileReference; lastKnownFileType = sourcecode.swift; path = Utility.swift; sourceTree = "<group>"; };
		CE43D58226B3893C0033E253 /* ShortcutIntent.intentdefinition */ = {isa = PBXFileReference; lastKnownFileType = file.intentdefinition; path = ShortcutIntent.intentdefinition; sourceTree = "<group>"; };
/* End PBXFileReference section */

/* Begin PBXFrameworksBuildPhase section */
		CE2A6E5725DCB96C00203C4A /* Frameworks */ = {
			isa = PBXFrameworksBuildPhase;
			buildActionMask = 2147483647;
			files = (
				02F799F82DDC0705D5F22BEC /* Pods_Base_Application.framework in Frameworks */,
			);
			runOnlyForDeploymentPostprocessing = 0;
		};
/* End PBXFrameworksBuildPhase section */

/* Begin PBXGroup section */
		4420633E9A14CAD0773A6DD5 /* Frameworks */ = {
			isa = PBXGroup;
			children = (
				41B0271D7AA29AAD97F476B1 /* Pods_Base_Application.framework */,
			);
			name = Frameworks;
			sourceTree = "<group>";
		};
		978BAF10CDC5A20E5872C02C /* Pods */ = {
			isa = PBXGroup;
			children = (
				7D0E4C1F533EAF6DCBDAADC2 /* Pods-Base Application.debug.xcconfig */,
				B73142174766185D11118EC2 /* Pods-Base Application.release.xcconfig */,
			);
			path = Pods;
			sourceTree = "<group>";
		};
		CE2A6E5125DCB96C00203C4A = {
			isa = PBXGroup;
			children = (
				CE2A6E7C25DCCE6800203C4A /* Localizable.strings */,
				CE2A6E5C25DCB96C00203C4A /* Base Application */,
				CE2A6E5B25DCB96C00203C4A /* Products */,
				978BAF10CDC5A20E5872C02C /* Pods */,
				4420633E9A14CAD0773A6DD5 /* Frameworks */,
			);
			sourceTree = "<group>";
		};
		CE2A6E5B25DCB96C00203C4A /* Products */ = {
			isa = PBXGroup;
			children = (
				CE2A6E5A25DCB96C00203C4A /* Base Application.app */,
			);
			name = Products;
			sourceTree = "<group>";
		};
		CE2A6E5C25DCB96C00203C4A /* Base Application */ = {
			isa = PBXGroup;
			children = (
				CE2A6E8625DE083200203C4A /* Reuseable */,
				CE2A6E8125DE05C500203C4A /* Networkmanager */,
				CE2A6E7E25DCD47A00203C4A /* Extention */,
				CE2A6E5D25DCB96C00203C4A /* AppDelegate.swift */,
				CE2A6E6125DCB96C00203C4A /* MainViewController.swift */,
				CE43D58226B3893C0033E253 /* ShortcutIntent.intentdefinition */,
				CE2A6E6325DCB96C00203C4A /* Main.storyboard */,
				CE2A6E6625DCB96E00203C4A /* Assets.xcassets */,
				CE2A6E6825DCB96E00203C4A /* LaunchScreen.storyboard */,
				CE2A6E6B25DCB96E00203C4A /* Info.plist */,
			);
			path = "Base Application";
			sourceTree = "<group>";
		};
		CE2A6E7E25DCD47A00203C4A /* Extention */ = {
			isa = PBXGroup;
			children = (
				CE2A6E7F25DCD49300203C4A /* String+extention.swift */,
			);
			path = Extention;
			sourceTree = "<group>";
		};
		CE2A6E8125DE05C500203C4A /* Networkmanager */ = {
			isa = PBXGroup;
			children = (
				CE2A6E8225DE060300203C4A /* NetworkManager.swift */,
				CE2A6E8425DE061500203C4A /* Api.swift */,
			);
			path = Networkmanager;
			sourceTree = "<group>";
		};
		CE2A6E8625DE083200203C4A /* Reuseable */ = {
			isa = PBXGroup;
			children = (
				CE2A6E8725DE085300203C4A /* Helper */,
			);
			path = Reuseable;
			sourceTree = "<group>";
		};
		CE2A6E8725DE085300203C4A /* Helper */ = {
			isa = PBXGroup;
			children = (
				CE2A6E8825DE086C00203C4A /* Utility.swift */,
			);
			path = Helper;
			sourceTree = "<group>";
		};
/* End PBXGroup section */

/* Begin PBXNativeTarget section */
		CE2A6E5925DCB96C00203C4A /* Base Application */ = {
			isa = PBXNativeTarget;
			buildConfigurationList = CE2A6E6E25DCB96F00203C4A /* Build configuration list for PBXNativeTarget "Base Application" */;
			buildPhases = (
				9411D6996A7822370940FEEF /* [CP] Check Pods Manifest.lock */,
				CE2A6E5625DCB96C00203C4A /* Sources */,
				CE2A6E5725DCB96C00203C4A /* Frameworks */,
				CE2A6E5825DCB96C00203C4A /* Resources */,
				36FF09368F9B2D221A12EF5A /* [CP] Embed Pods Frameworks */,
			);
			buildRules = (
			);
			dependencies = (
			);
			name = "Base Application";
			productName = "Base Application";
			productReference = CE2A6E5A25DCB96C00203C4A /* Base Application.app */;
			productType = "com.apple.product-type.application";
		};
/* End PBXNativeTarget section */

/* Begin PBXProject section */
		CE2A6E5225DCB96C00203C4A /* Project object */ = {
			isa = PBXProject;
			attributes = {
				LastSwiftUpdateCheck = 1130;
				LastUpgradeCheck = 1130;
				ORGANIZATIONNAME = sakibwrold;
				TargetAttributes = {
					CE2A6E5925DCB96C00203C4A = {
						CreatedOnToolsVersion = 11.3.1;
					};
				};
			};
			buildConfigurationList = CE2A6E5525DCB96C00203C4A /* Build configuration list for PBXProject "Base Application" */;
			compatibilityVersion = "Xcode 9.3";
			developmentRegion = en;
			hasScannedForEncodings = 0;
			knownRegions = (
				en,
				Base,
				fr,
			);
			mainGroup = CE2A6E5125DCB96C00203C4A;
			productRefGroup = CE2A6E5B25DCB96C00203C4A /* Products */;
			projectDirPath = "";
			projectRoot = "";
			targets = (
				CE2A6E5925DCB96C00203C4A /* Base Application */,
			);
		};
/* End PBXProject section */

/* Begin PBXResourcesBuildPhase section */
		CE2A6E5825DCB96C00203C4A /* Resources */ = {
			isa = PBXResourcesBuildPhase;
			buildActionMask = 2147483647;
			files = (
				CE2A6E6A25DCB96E00203C4A /* LaunchScreen.storyboard in Resources */,
				CE2A6E7A25DCCE6800203C4A /* Localizable.strings in Resources */,
				CE2A6E6725DCB96E00203C4A /* Assets.xcassets in Resources */,
				CE2A6E6525DCB96C00203C4A /* Main.storyboard in Resources */,
			);
			runOnlyForDeploymentPostprocessing = 0;
		};
/* End PBXResourcesBuildPhase section */

/* Begin PBXShellScriptBuildPhase section */
		36FF09368F9B2D221A12EF5A /* [CP] Embed Pods Frameworks */ = {
			isa = PBXShellScriptBuildPhase;
			buildActionMask = 2147483647;
			files = (
			);
			inputFileListPaths = (
				"${PODS_ROOT}/Target Support Files/Pods-Base Application/Pods-Base Application-frameworks-${CONFIGURATION}-input-files.xcfilelist",
			);
			name = "[CP] Embed Pods Frameworks";
			outputFileListPaths = (
				"${PODS_ROOT}/Target Support Files/Pods-Base Application/Pods-Base Application-frameworks-${CONFIGURATION}-output-files.xcfilelist",
			);
			runOnlyForDeploymentPostprocessing = 0;
			shellPath = /bin/sh;
			shellScript = "\"${PODS_ROOT}/Target Support Files/Pods-Base Application/Pods-Base Application-frameworks.sh\"\n";
			showEnvVarsInLog = 0;
		};
		9411D6996A7822370940FEEF /* [CP] Check Pods Manifest.lock */ = {
			isa = PBXShellScriptBuildPhase;
			buildActionMask = 2147483647;
			files = (
			);
			inputFileListPaths = (
			);
			inputPaths = (
				"${PODS_PODFILE_DIR_PATH}/Podfile.lock",
				"${PODS_ROOT}/Manifest.lock",
			);
			name = "[CP] Check Pods Manifest.lock";
			outputFileListPaths = (
			);
			outputPaths = (
				"$(DERIVED_FILE_DIR)/Pods-Base Application-checkManifestLockResult.txt",
			);
			runOnlyForDeploymentPostprocessing = 0;
			shellPath = /bin/sh;
			shellScript = "diff \"${PODS_PODFILE_DIR_PATH}/Podfile.lock\" \"${PODS_ROOT}/Manifest.lock\" > /dev/null\nif [ $? != 0 ] ; then\n    # print error to STDERR\n    echo \"error: The sandbox is not in sync with the Podfile.lock. Run 'pod install' or update your CocoaPods installation.\" >&2\n    exit 1\nfi\n# This output is used by Xcode 'outputs' to avoid re-running this script phase.\necho \"SUCCESS\" > \"${SCRIPT_OUTPUT_FILE_0}\"\n";
			showEnvVarsInLog = 0;
		};
/* End PBXShellScriptBuildPhase section */

/* Begin PBXSourcesBuildPhase section */
		CE2A6E5625DCB96C00203C4A /* Sources */ = {
			isa = PBXSourcesBuildPhase;
			buildActionMask = 2147483647;
			files = (
				CE2A6E8325DE060300203C4A /* NetworkManager.swift in Sources */,
				CE2A6E6225DCB96C00203C4A /* MainViewController.swift in Sources */,
				CE43D58326B3893C0033E253 /* ShortcutIntent.intentdefinition in Sources */,
				CE2A6E8925DE086C00203C4A /* Utility.swift in Sources */,
				CE2A6E8025DCD49300203C4A /* String+extention.swift in Sources */,
				CE2A6E8525DE061500203C4A /* Api.swift in Sources */,
				CE2A6E5E25DCB96C00203C4A /* AppDelegate.swift in Sources */,
			);
			runOnlyForDeploymentPostprocessing = 0;
		};
/* End PBXSourcesBuildPhase section */

/* Begin PBXVariantGroup section */
		CE2A6E6325DCB96C00203C4A /* Main.storyboard */ = {
			isa = PBXVariantGroup;
			children = (
				CE2A6E6425DCB96C00203C4A /* Base */,
			);
			name = Main.storyboard;
			sourceTree = "<group>";
		};
		CE2A6E6825DCB96E00203C4A /* LaunchScreen.storyboard */ = {
			isa = PBXVariantGroup;
			children = (
				CE2A6E6925DCB96E00203C4A /* Base */,
			);
			name = LaunchScreen.storyboard;
			sourceTree = "<group>";
		};
		CE2A6E7C25DCCE6800203C4A /* Localizable.strings */ = {
			isa = PBXVariantGroup;
			children = (
				CE2A6E7B25DCCE6800203C4A /* en */,
				CE2A6E7D25DCCEEA00203C4A /* fr */,
			);
			name = Localizable.strings;
			sourceTree = "<group>";
		};
/* End PBXVariantGroup section */

/* Begin XCBuildConfiguration section */
		CE2A6E6C25DCB96F00203C4A /* Debug */ = {
			isa = XCBuildConfiguration;
			buildSettings = {
				ALWAYS_SEARCH_USER_PATHS = NO;
				CLANG_ANALYZER_LOCALIZABILITY_NONLOCALIZED = YES;
				CLANG_ANALYZER_NONNULL = YES;
				CLANG_ANALYZER_NUMBER_OBJECT_CONVERSION = YES_AGGRESSIVE;
				CLANG_CXX_LANGUAGE_STANDARD = "gnu++14";
				CLANG_CXX_LIBRARY = "libc++";
				CLANG_ENABLE_MODULES = YES;
				CLANG_ENABLE_OBJC_ARC = YES;
				CLANG_ENABLE_OBJC_WEAK = YES;
				CLANG_WARN_BLOCK_CAPTURE_AUTORELEASING = YES;
				CLANG_WARN_BOOL_CONVERSION = YES;
				CLANG_WARN_COMMA = YES;
				CLANG_WARN_CONSTANT_CONVERSION = YES;
				CLANG_WARN_DEPRECATED_OBJC_IMPLEMENTATIONS = YES;
				CLANG_WARN_DIRECT_OBJC_ISA_USAGE = YES_ERROR;
				CLANG_WARN_DOCUMENTATION_COMMENTS = YES;
				CLANG_WARN_EMPTY_BODY = YES;
				CLANG_WARN_ENUM_CONVERSION = YES;
				CLANG_WARN_INFINITE_RECURSION = YES;
				CLANG_WARN_INT_CONVERSION = YES;
				CLANG_WARN_NON_LITERAL_NULL_CONVERSION = YES;
				CLANG_WARN_OBJC_IMPLICIT_RETAIN_SELF = YES;
				CLANG_WARN_OBJC_LITERAL_CONVERSION = YES;
				CLANG_WARN_OBJC_ROOT_CLASS = YES_ERROR;
				CLANG_WARN_RANGE_LOOP_ANALYSIS = YES;
				CLANG_WARN_STRICT_PROTOTYPES = YES;
				CLANG_WARN_SUSPICIOUS_MOVE = YES;
				CLANG_WARN_UNGUARDED_AVAILABILITY = YES_AGGRESSIVE;
				CLANG_WARN_UNREACHABLE_CODE = YES;
				CLANG_WARN__DUPLICATE_METHOD_MATCH = YES;
				COPY_PHASE_STRIP = NO;
				DEBUG_INFORMATION_FORMAT = dwarf;
				ENABLE_STRICT_OBJC_MSGSEND = YES;
				ENABLE_TESTABILITY = YES;
				GCC_C_LANGUAGE_STANDARD = gnu11;
				GCC_DYNAMIC_NO_PIC = NO;
				GCC_NO_COMMON_BLOCKS = YES;
				GCC_OPTIMIZATION_LEVEL = 0;
				GCC_PREPROCESSOR_DEFINITIONS = (
					"DEBUG=1",
					"$(inherited)",
				);
				GCC_WARN_64_TO_32_BIT_CONVERSION = YES;
				GCC_WARN_ABOUT_RETURN_TYPE = YES_ERROR;
				GCC_WARN_UNDECLARED_SELECTOR = YES;
				GCC_WARN_UNINITIALIZED_AUTOS = YES_AGGRESSIVE;
				GCC_WARN_UNUSED_FUNCTION = YES;
				GCC_WARN_UNUSED_VARIABLE = YES;
				IPHONEOS_DEPLOYMENT_TARGET = 13.2;
				MTL_ENABLE_DEBUG_INFO = INCLUDE_SOURCE;
				MTL_FAST_MATH = YES;
				ONLY_ACTIVE_ARCH = YES;
				SDKROOT = iphoneos;
				SWIFT_ACTIVE_COMPILATION_CONDITIONS = DEBUG;
				SWIFT_OPTIMIZATION_LEVEL = "-Onone";
			};
			name = Debug;
		};
		CE2A6E6D25DCB96F00203C4A /* Release */ = {
			isa = XCBuildConfiguration;
			buildSettings = {
				ALWAYS_SEARCH_USER_PATHS = NO;
				CLANG_ANALYZER_LOCALIZABILITY_NONLOCALIZED = YES;
				CLANG_ANALYZER_NONNULL = YES;
				CLANG_ANALYZER_NUMBER_OBJECT_CONVERSION = YES_AGGRESSIVE;
				CLANG_CXX_LANGUAGE_STANDARD = "gnu++14";
				CLANG_CXX_LIBRARY = "libc++";
				CLANG_ENABLE_MODULES = YES;
				CLANG_ENABLE_OBJC_ARC = YES;
				CLANG_ENABLE_OBJC_WEAK = YES;
				CLANG_WARN_BLOCK_CAPTURE_AUTORELEASING = YES;
				CLANG_WARN_BOOL_CONVERSION = YES;
				CLANG_WARN_COMMA = YES;
				CLANG_WARN_CONSTANT_CONVERSION = YES;
				CLANG_WARN_DEPRECATED_OBJC_IMPLEMENTATIONS = YES;
				CLANG_WARN_DIRECT_OBJC_ISA_USAGE = YES_ERROR;
				CLANG_WARN_DOCUMENTATION_COMMENTS = YES;
				CLANG_WARN_EMPTY_BODY = YES;
				CLANG_WARN_ENUM_CONVERSION = YES;
				CLANG_WARN_INFINITE_RECURSION = YES;
				CLANG_WARN_INT_CONVERSION = YES;
				CLANG_WARN_NON_LITERAL_NULL_CONVERSION = YES;
				CLANG_WARN_OBJC_IMPLICIT_RETAIN_SELF = YES;
				CLANG_WARN_OBJC_LITERAL_CONVERSION = YES;
				CLANG_WARN_OBJC_ROOT_CLASS = YES_ERROR;
				CLANG_WARN_RANGE_LOOP_ANALYSIS = YES;
				CLANG_WARN_STRICT_PROTOTYPES = YES;
				CLANG_WARN_SUSPICIOUS_MOVE = YES;
				CLANG_WARN_UNGUARDED_AVAILABILITY = YES_AGGRESSIVE;
				CLANG_WARN_UNREACHABLE_CODE = YES;
				CLANG_WARN__DUPLICATE_METHOD_MATCH = YES;
				COPY_PHASE_STRIP = NO;
				DEBUG_INFORMATION_FORMAT = "dwarf-with-dsym";
				ENABLE_NS_ASSERTIONS = NO;
				ENABLE_STRICT_OBJC_MSGSEND = YES;
				GCC_C_LANGUAGE_STANDARD = gnu11;
				GCC_NO_COMMON_BLOCKS = YES;
				GCC_WARN_64_TO_32_BIT_CONVERSION = YES;
				GCC_WARN_ABOUT_RETURN_TYPE = YES_ERROR;
				GCC_WARN_UNDECLARED_SELECTOR = YES;
				GCC_WARN_UNINITIALIZED_AUTOS = YES_AGGRESSIVE;
				GCC_WARN_UNUSED_FUNCTION = YES;
				GCC_WARN_UNUSED_VARIABLE = YES;
				IPHONEOS_DEPLOYMENT_TARGET = 13.2;
				MTL_ENABLE_DEBUG_INFO = NO;
				MTL_FAST_MATH = YES;
				SDKROOT = iphoneos;
				SWIFT_COMPILATION_MODE = wholemodule;
				SWIFT_OPTIMIZATION_LEVEL = "-O";
				VALIDATE_PRODUCT = YES;
			};
			name = Release;
		};
		CE2A6E6F25DCB96F00203C4A /* Debug */ = {
			isa = XCBuildConfiguration;
			baseConfigurationReference = 7D0E4C1F533EAF6DCBDAADC2 /* Pods-Base Application.debug.xcconfig */;
			buildSettings = {
				ASSETCATALOG_COMPILER_APPICON_NAME = AppIcon;
				CODE_SIGN_STYLE = Automatic;
				DEVELOPMENT_TEAM = PCPD669K82;
				INFOPLIST_FILE = "Base Application/Info.plist";
				IPHONEOS_DEPLOYMENT_TARGET = 12.1;
				LD_RUNPATH_SEARCH_PATHS = (
					"$(inherited)",
					"@executable_path/Frameworks",
				);
				PRODUCT_BUNDLE_IDENTIFIER = "com.sakibwrold.Base-Application";
				PRODUCT_NAME = "$(TARGET_NAME)";
				SWIFT_VERSION = 5.0;
				TARGETED_DEVICE_FAMILY = "1,2";
			};
			name = Debug;
		};
		CE2A6E7025DCB96F00203C4A /* Release */ = {
			isa = XCBuildConfiguration;
			baseConfigurationReference = B73142174766185D11118EC2 /* Pods-Base Application.release.xcconfig */;
			buildSettings = {
				ASSETCATALOG_COMPILER_APPICON_NAME = AppIcon;
				CODE_SIGN_STYLE = Automatic;
				DEVELOPMENT_TEAM = PCPD669K82;
				INFOPLIST_FILE = "Base Application/Info.plist";
				IPHONEOS_DEPLOYMENT_TARGET = 12.1;
				LD_RUNPATH_SEARCH_PATHS = (
					"$(inherited)",
					"@executable_path/Frameworks",
				);
				PRODUCT_BUNDLE_IDENTIFIER = "com.sakibwrold.Base-Application";
				PRODUCT_NAME = "$(TARGET_NAME)";
				SWIFT_VERSION = 5.0;
				TARGETED_DEVICE_FAMILY = "1,2";
			};
			name = Release;
		};
/* End XCBuildConfiguration section */

/* Begin XCConfigurationList section */
		CE2A6E5525DCB96C00203C4A /* Build configuration list for PBXProject "Base Application" */ = {
			isa = XCConfigurationList;
			buildConfigurations = (
				CE2A6E6C25DCB96F00203C4A /* Debug */,
				CE2A6E6D25DCB96F00203C4A /* Release */,
			);
			defaultConfigurationIsVisible = 0;
			defaultConfigurationName = Release;
		};
		CE2A6E6E25DCB96F00203C4A /* Build configuration list for PBXNativeTarget "Base Application" */ = {
			isa = XCConfigurationList;
			buildConfigurations = (
				CE2A6E6F25DCB96F00203C4A /* Debug */,
				CE2A6E7025DCB96F00203C4A /* Release */,
			);
			defaultConfigurationIsVisible = 0;
			defaultConfigurationName = Release;
		};
/* End XCConfigurationList section */
	};
	rootObject = CE2A6E5225DCB96C00203C4A /* Project object */;
}
